
Microsoft Visual Studio Solution File, Format Version 12.00
# Visual Studio Version 17
VisualStudioVersion = 17.7.34031.279
MinimumVisualStudioVersion = 10.0.40219.1
Project("{2150E333-8FDC-42A3-9474-1A3956D46DE8}") = "Task0", "Task0", "{DD32CD2F-68FA-4CAF-ACF1-E07D0CC5A601}"
EndProject
Project("{FAE04EC0-301F-11D3-BF4B-00C04F79EFBC}") = "Tyuiu.SpirinAA.Sprint2.Task0.V25", "Tyuiu.SpirinAA.Sprint2.Task0.V25\Tyuiu.SpirinAA.Sprint2.Task0.V25.csproj", "{439B67CC-BB28-4C26-A456-569C59D028BC}"
EndProject
Project("{FAE04EC0-301F-11D3-BF4B-00C04F79EFBC}") = "Tyuiu.SpirinAA.Sprint2.Task0.V25.Lib", "Tyuiu.SpirinAA.Sprint2.Task0.V25.Lib\Tyuiu.SpirinAA.Sprint2.Task0.V25.Lib.csproj", "{6688A6D2-4A7C-45AE-B02F-FC035AE60D73}"
EndProject
Project("{FAE04EC0-301F-11D3-BF4B-00C04F79EFBC}") = "Tyuiu.SpirinAA.Sprint2.Task0.V25.Test", "Tyuiu.SpirinAA.Sprint2.Task0.V25.Test\Tyuiu.SpirinAA.Sprint2.Task0.V25.Test.csproj", "{8D62CFF2-24E1-46A0-A302-053B31884CDC}"
EndProject
Project("{2150E333-8FDC-42A3-9474-1A3956D46DE8}") = "Task1", "Task1", "{B371D4A2-0BD8-4572-BB22-F3C14525134D}"
EndProject
Project("{FAE04EC0-301F-11D3-BF4B-00C04F79EFBC}") = "Tyuiu.SpirinAA.Sprint2.Task1.V25", "Tyuiu.SpirinAA.Sprint2.Task1.V25\Tyuiu.SpirinAA.Sprint2.Task1.V25.csproj", "{4195FCB7-9E84-42E6-8700-CED71D33C81B}"
EndProject
Project("{FAE04EC0-301F-11D3-BF4B-00C04F79EFBC}") = "Tyuiu.SpirinAA.Sprint2.Task1.V25.Lib", "Tyuiu.SpirinAA.Sprint2.Task1.V25.Lib\Tyuiu.SpirinAA.Sprint2.Task1.V25.Lib.csproj", "{104134A3-9B5B-470D-A0FD-4122419B7376}"
EndProject
Project("{FAE04EC0-301F-11D3-BF4B-00C04F79EFBC}") = "Tyuiu.SpirinAA.Sprint2.Task1.V25.Test", "Tyuiu.SpirinAA.Sprint2.Task1.V25.Test\Tyuiu.SpirinAA.Sprint2.Task1.V25.Test.csproj", "{2B7BE8FC-F7DD-4DC7-89C8-3976CB74984D}"
EndProject
Project("{2150E333-8FDC-42A3-9474-1A3956D46DE8}") = "Task2", "Task2", "{A31EBAB4-FD4E-4C02-B59F-C866A0A54307}"
EndProject
Project("{FAE04EC0-301F-11D3-BF4B-00C04F79EFBC}") = "Tyuiu.SpirinAA.Sprint2.Task2.V9", "Tyuiu.SpirinAA.Sprint2.Task2.V9\Tyuiu.SpirinAA.Sprint2.Task2.V9.csproj", "{2B6E5EE1-7C3F-42EF-B270-03E9444669DC}"
EndProject
Project("{FAE04EC0-301F-11D3-BF4B-00C04F79EFBC}") = "Tyuiu.SpirinAA.Sprint2.Task2.V9.Lib", "Tyuiu.SpirinAA.Sprint2.Task2.V9.Lib\Tyuiu.SpirinAA.Sprint2.Task2.V9.Lib.csproj", "{E01556FB-2D9F-4090-9F21-AC59B40B850B}"
EndProject
Project("{FAE04EC0-301F-11D3-BF4B-00C04F79EFBC}") = "Tyuiu.SpirinAA.Sprint2.Task2.V9.Test", "Tyuiu.SpirinAA.Sprint2.Task2.V9.Test\Tyuiu.SpirinAA.Sprint2.Task2.V9.Test.csproj", "{5E81ECCD-84DA-4D14-A3EB-1C89AEA082B6}"
EndProject
Project("{2150E333-8FDC-42A3-9474-1A3956D46DE8}") = "Task3", "Task3", "{DA894541-7880-4C6F-B9B9-FA1A80A4CA54}"
EndProject
Project("{FAE04EC0-301F-11D3-BF4B-00C04F79EFBC}") = "Tyuiu.SpirinAA.Sprint2.Task3.V15", "Tyuiu.SpirinAA.Sprint2.Task3.V15\Tyuiu.SpirinAA.Sprint2.Task3.V15.csproj", "{8B9EEF57-0104-424F-B73F-CC327628F65D}"
EndProject
Project("{FAE04EC0-301F-11D3-BF4B-00C04F79EFBC}") = "Tyuiu.SpirinAA.Sprint2.Task3.V15.Lib", "Tyuiu.SpirinAA.Sprint2.Task3.V15.Lib\Tyuiu.SpirinAA.Sprint2.Task3.V15.Lib.csproj", "{45FFB9EF-EDFE-47B8-8822-1938B9FCB0A6}"
EndProject
Project("{FAE04EC0-301F-11D3-BF4B-00C04F79EFBC}") = "Tyuiu.SpirinAA.Sprint2.Task3.V15.Test", "Tyuiu.SpirinAA.Sprint2.Task3.V15.Test\Tyuiu.SpirinAA.Sprint2.Task3.V15.Test.csproj", "{DF872968-DEEE-4922-BADA-6BBB59529822}"
EndProject
Project("{2150E333-8FDC-42A3-9474-1A3956D46DE8}") = "Task4", "Task4", "{B072A05E-E4C9-4909-BFF7-DFEFB41AEB0D}"
EndProject
Project("{FAE04EC0-301F-11D3-BF4B-00C04F79EFBC}") = "Tyuiu.SpirinAA.Sprint2.Task4.V3", "Tyuiu.SpirinAA.Sprint2.Task4.V3\Tyuiu.SpirinAA.Sprint2.Task4.V3.csproj", "{22C4060E-AB50-4CBD-8331-E8919AA2A0B9}"
EndProject
Project("{FAE04EC0-301F-11D3-BF4B-00C04F79EFBC}") = "Tyuiu.SpirinAA.Sprint2.Task4.V3.Lib", "Tyuiu.SpirinAA.Sprint2.Task4.V3.Lib\Tyuiu.SpirinAA.Sprint2.Task4.V3.Lib.csproj", "{4DBDFB56-8C3A-462D-9A9C-C6315E1779A0}"
EndProject
Project("{FAE04EC0-301F-11D3-BF4B-00C04F79EFBC}") = "Tyuiu.SpirinAA.Sprint2.Task4.V3.Test", "Tyuiu.SpirinAA.Sprint2.Task4.V3.Test\Tyuiu.SpirinAA.Sprint2.Task4.V3.Test.csproj", "{85A39CA5-C66F-4B2A-80B5-D53F23A98919}"
EndProject
Project("{2150E333-8FDC-42A3-9474-1A3956D46DE8}") = "Task5", "Task5", "{6B89BE86-A3D0-4FF2-9BE0-08D258B2A099}"
EndProject
Project("{FAE04EC0-301F-11D3-BF4B-00C04F79EFBC}") = "Tyuiu.SpirinAA.Sprint2.Task5.V8", "Tyuiu.SpirinAA.Sprint2.Task5.V8\Tyuiu.SpirinAA.Sprint2.Task5.V8.csproj", "{1984CBFB-15B3-4FE0-A42D-D8B52B3A5EF1}"
EndProject
Project("{FAE04EC0-301F-11D3-BF4B-00C04F79EFBC}") = "Tyuiu.SpirinAA.Sprint2.Task5.V8.Lib", "Tyuiu.SpirinAA.Sprint2.Task5.V8.Lib\Tyuiu.SpirinAA.Sprint2.Task5.V8.Lib.csproj", "{C9A1235A-7A4C-4121-8A0B-5E774292BC44}"
EndProject
Project("{FAE04EC0-301F-11D3-BF4B-00C04F79EFBC}") = "Tyuiu.SpirinAA.Sprint2.Task5.V8.Test", "Tyuiu.SpirinAA.Sprint2.Task5.V8.Test\Tyuiu.SpirinAA.Sprint2.Task5.V8.Test.csproj", "{D0C624D7-9537-4FF4-BC05-4D16709271DC}"
EndProject
Global
	GlobalSection(SolutionConfigurationPlatforms) = preSolution
		Debug|Any CPU = Debug|Any CPU
		Release|Any CPU = Release|Any CPU
	EndGlobalSection
	GlobalSection(ProjectConfigurationPlatforms) = postSolution
		{439B67CC-BB28-4C26-A456-569C59D028BC}.Debug|Any CPU.ActiveCfg = Debug|Any CPU
		{439B67CC-BB28-4C26-A456-569C59D028BC}.Debug|Any CPU.Build.0 = Debug|Any CPU
		{439B67CC-BB28-4C26-A456-569C59D028BC}.Release|Any CPU.ActiveCfg = Release|Any CPU
		{439B67CC-BB28-4C26-A456-569C59D028BC}.Release|Any CPU.Build.0 = Release|Any CPU
		{6688A6D2-4A7C-45AE-B02F-FC035AE60D73}.Debug|Any CPU.ActiveCfg = Debug|Any CPU
		{6688A6D2-4A7C-45AE-B02F-FC035AE60D73}.Debug|Any CPU.Build.0 = Debug|Any CPU
		{6688A6D2-4A7C-45AE-B02F-FC035AE60D73}.Release|Any CPU.ActiveCfg = Release|Any CPU
		{6688A6D2-4A7C-45AE-B02F-FC035AE60D73}.Release|Any CPU.Build.0 = Release|Any CPU
		{8D62CFF2-24E1-46A0-A302-053B31884CDC}.Debug|Any CPU.ActiveCfg = Debug|Any CPU
		{8D62CFF2-24E1-46A0-A302-053B31884CDC}.Debug|Any CPU.Build.0 = Debug|Any CPU
		{8D62CFF2-24E1-46A0-A302-053B31884CDC}.Release|Any CPU.ActiveCfg = Release|Any CPU
		{8D62CFF2-24E1-46A0-A302-053B31884CDC}.Release|Any CPU.Build.0 = Release|Any CPU
		{4195FCB7-9E84-42E6-8700-CED71D33C81B}.Debug|Any CPU.ActiveCfg = Debug|Any CPU
		{4195FCB7-9E84-42E6-8700-CED71D33C81B}.Debug|Any CPU.Build.0 = Debug|Any CPU
		{4195FCB7-9E84-42E6-8700-CED71D33C81B}.Release|Any CPU.ActiveCfg = Release|Any CPU
		{4195FCB7-9E84-42E6-8700-CED71D33C81B}.Release|Any CPU.Build.0 = Release|Any CPU
		{104134A3-9B5B-470D-A0FD-4122419B7376}.Debug|Any CPU.ActiveCfg = Debug|Any CPU
		{104134A3-9B5B-470D-A0FD-4122419B7376}.Debug|Any CPU.Build.0 = Debug|Any CPU
		{104134A3-9B5B-470D-A0FD-4122419B7376}.Release|Any CPU.ActiveCfg = Release|Any CPU
		{104134A3-9B5B-470D-A0FD-4122419B7376}.Release|Any CPU.Build.0 = Release|Any CPU
		{2B7BE8FC-F7DD-4DC7-89C8-3976CB74984D}.Debug|Any CPU.ActiveCfg = Debug|Any CPU
		{2B7BE8FC-F7DD-4DC7-89C8-3976CB74984D}.Debug|Any CPU.Build.0 = Debug|Any CPU
		{2B7BE8FC-F7DD-4DC7-89C8-3976CB74984D}.Release|Any CPU.ActiveCfg = Release|Any CPU
		{2B7BE8FC-F7DD-4DC7-89C8-3976CB74984D}.Release|Any CPU.Build.0 = Release|Any CPU
		{2B6E5EE1-7C3F-42EF-B270-03E9444669DC}.Debug|Any CPU.ActiveCfg = Debug|Any CPU
		{2B6E5EE1-7C3F-42EF-B270-03E9444669DC}.Debug|Any CPU.Build.0 = Debug|Any CPU
		{2B6E5EE1-7C3F-42EF-B270-03E9444669DC}.Release|Any CPU.ActiveCfg = Release|Any CPU
		{2B6E5EE1-7C3F-42EF-B270-03E9444669DC}.Release|Any CPU.Build.0 = Release|Any CPU
		{E01556FB-2D9F-4090-9F21-AC59B40B850B}.Debug|Any CPU.ActiveCfg = Debug|Any CPU
		{E01556FB-2D9F-4090-9F21-AC59B40B850B}.Debug|Any CPU.Build.0 = Debug|Any CPU
		{E01556FB-2D9F-4090-9F21-AC59B40B850B}.Release|Any CPU.ActiveCfg = Release|Any CPU
		{E01556FB-2D9F-4090-9F21-AC59B40B850B}.Release|Any CPU.Build.0 = Release|Any CPU
		{5E81ECCD-84DA-4D14-A3EB-1C89AEA082B6}.Debug|Any CPU.ActiveCfg = Debug|Any CPU
		{5E81ECCD-84DA-4D14-A3EB-1C89AEA082B6}.Debug|Any CPU.Build.0 = Debug|Any CPU
		{5E81ECCD-84DA-4D14-A3EB-1C89AEA082B6}.Release|Any CPU.ActiveCfg = Release|Any CPU
		{5E81ECCD-84DA-4D14-A3EB-1C89AEA082B6}.Release|Any CPU.Build.0 = Release|Any CPU
		{8B9EEF57-0104-424F-B73F-CC327628F65D}.Debug|Any CPU.ActiveCfg = Debug|Any CPU
		{8B9EEF57-0104-424F-B73F-CC327628F65D}.Debug|Any CPU.Build.0 = Debug|Any CPU
		{8B9EEF57-0104-424F-B73F-CC327628F65D}.Release|Any CPU.ActiveCfg = Release|Any CPU
		{8B9EEF57-0104-424F-B73F-CC327628F65D}.Release|Any CPU.Build.0 = Release|Any CPU
		{45FFB9EF-EDFE-47B8-8822-1938B9FCB0A6}.Debug|Any CPU.ActiveCfg = Debug|Any CPU
		{45FFB9EF-EDFE-47B8-8822-1938B9FCB0A6}.Debug|Any CPU.Build.0 = Debug|Any CPU
		{45FFB9EF-EDFE-47B8-8822-1938B9FCB0A6}.Release|Any CPU.ActiveCfg = Release|Any CPU
		{45FFB9EF-EDFE-47B8-8822-1938B9FCB0A6}.Release|Any CPU.Build.0 = Release|Any CPU
		{DF872968-DEEE-4922-BADA-6BBB59529822}.Debug|Any CPU.ActiveCfg = Debug|Any CPU
		{DF872968-DEEE-4922-BADA-6BBB59529822}.Debug|Any CPU.Build.0 = Debug|Any CPU
		{DF872968-DEEE-4922-BADA-6BBB59529822}.Release|Any CPU.ActiveCfg = Release|Any CPU
		{DF872968-DEEE-4922-BADA-6BBB59529822}.Release|Any CPU.Build.0 = Release|Any CPU
		{22C4060E-AB50-4CBD-8331-E8919AA2A0B9}.Debug|Any CPU.ActiveCfg = Debug|Any CPU
		{22C4060E-AB50-4CBD-8331-E8919AA2A0B9}.Debug|Any CPU.Build.0 = Debug|Any CPU
		{22C4060E-AB50-4CBD-8331-E8919AA2A0B9}.Release|Any CPU.ActiveCfg = Release|Any CPU
		{22C4060E-AB50-4CBD-8331-E8919AA2A0B9}.Release|Any CPU.Build.0 = Release|Any CPU
		{4DBDFB56-8C3A-462D-9A9C-C6315E1779A0}.Debug|Any CPU.ActiveCfg = Debug|Any CPU
		{4DBDFB56-8C3A-462D-9A9C-C6315E1779A0}.Debug|Any CPU.Build.0 = Debug|Any CPU
		{4DBDFB56-8C3A-462D-9A9C-C6315E1779A0}.Release|Any CPU.ActiveCfg = Release|Any CPU
		{4DBDFB56-8C3A-462D-9A9C-C6315E1779A0}.Release|Any CPU.Build.0 = Release|Any CPU
		{85A39CA5-C66F-4B2A-80B5-D53F23A98919}.Debug|Any CPU.ActiveCfg = Debug|Any CPU
		{85A39CA5-C66F-4B2A-80B5-D53F23A98919}.Debug|Any CPU.Build.0 = Debug|Any CPU
		{85A39CA5-C66F-4B2A-80B5-D53F23A98919}.Release|Any CPU.ActiveCfg = Release|Any CPU
		{85A39CA5-C66F-4B2A-80B5-D53F23A98919}.Release|Any CPU.Build.0 = Release|Any CPU
		{1984CBFB-15B3-4FE0-A42D-D8B52B3A5EF1}.Debug|Any CPU.ActiveCfg = Debug|Any CPU
		{1984CBFB-15B3-4FE0-A42D-D8B52B3A5EF1}.Debug|Any CPU.Build.0 = Debug|Any CPU
		{1984CBFB-15B3-4FE0-A42D-D8B52B3A5EF1}.Release|Any CPU.ActiveCfg = Release|Any CPU
		{1984CBFB-15B3-4FE0-A42D-D8B52B3A5EF1}.Release|Any CPU.Build.0 = Release|Any CPU
		{C9A1235A-7A4C-4121-8A0B-5E774292BC44}.Debug|Any CPU.ActiveCfg = Debug|Any CPU
		{C9A1235A-7A4C-4121-8A0B-5E774292BC44}.Debug|Any CPU.Build.0 = Debug|Any CPU
		{C9A1235A-7A4C-4121-8A0B-5E774292BC44}.Release|Any CPU.ActiveCfg = Release|Any CPU
		{C9A1235A-7A4C-4121-8A0B-5E774292BC44}.Release|Any CPU.Build.0 = Release|Any CPU
		{D0C624D7-9537-4FF4-BC05-4D16709271DC}.Debug|Any CPU.ActiveCfg = Debug|Any CPU
		{D0C624D7-9537-4FF4-BC05-4D16709271DC}.Debug|Any CPU.Build.0 = Debug|Any CPU
		{D0C624D7-9537-4FF4-BC05-4D16709271DC}.Release|Any CPU.ActiveCfg = Release|Any CPU
		{D0C624D7-9537-4FF4-BC05-4D16709271DC}.Release|Any CPU.Build.0 = Release|Any CPU
	EndGlobalSection
	GlobalSection(SolutionProperties) = preSolution
		HideSolutionNode = FALSE
	EndGlobalSection
	GlobalSection(NestedProjects) = preSolution
		{439B67CC-BB28-4C26-A456-569C59D028BC} = {DD32CD2F-68FA-4CAF-ACF1-E07D0CC5A601}
		{6688A6D2-4A7C-45AE-B02F-FC035AE60D73} = {DD32CD2F-68FA-4CAF-ACF1-E07D0CC5A601}
		{8D62CFF2-24E1-46A0-A302-053B31884CDC} = {DD32CD2F-68FA-4CAF-ACF1-E07D0CC5A601}
		{4195FCB7-9E84-42E6-8700-CED71D33C81B} = {B371D4A2-0BD8-4572-BB22-F3C14525134D}
		{104134A3-9B5B-470D-A0FD-4122419B7376} = {B371D4A2-0BD8-4572-BB22-F3C14525134D}
		{2B7BE8FC-F7DD-4DC7-89C8-3976CB74984D} = {B371D4A2-0BD8-4572-BB22-F3C14525134D}
		{2B6E5EE1-7C3F-42EF-B270-03E9444669DC} = {A31EBAB4-FD4E-4C02-B59F-C866A0A54307}
		{E01556FB-2D9F-4090-9F21-AC59B40B850B} = {A31EBAB4-FD4E-4C02-B59F-C866A0A54307}
		{5E81ECCD-84DA-4D14-A3EB-1C89AEA082B6} = {A31EBAB4-FD4E-4C02-B59F-C866A0A54307}
		{8B9EEF57-0104-424F-B73F-CC327628F65D} = {DA894541-7880-4C6F-B9B9-FA1A80A4CA54}
		{45FFB9EF-EDFE-47B8-8822-1938B9FCB0A6} = {DA894541-7880-4C6F-B9B9-FA1A80A4CA54}
		{DF872968-DEEE-4922-BADA-6BBB59529822} = {DA894541-7880-4C6F-B9B9-FA1A80A4CA54}
		{22C4060E-AB50-4CBD-8331-E8919AA2A0B9} = {B072A05E-E4C9-4909-BFF7-DFEFB41AEB0D}
		{4DBDFB56-8C3A-462D-9A9C-C6315E1779A0} = {B072A05E-E4C9-4909-BFF7-DFEFB41AEB0D}
		{85A39CA5-C66F-4B2A-80B5-D53F23A98919} = {B072A05E-E4C9-4909-BFF7-DFEFB41AEB0D}
		{1984CBFB-15B3-4FE0-A42D-D8B52B3A5EF1} = {6B89BE86-A3D0-4FF2-9BE0-08D258B2A099}
		{C9A1235A-7A4C-4121-8A0B-5E774292BC44} = {6B89BE86-A3D0-4FF2-9BE0-08D258B2A099}
		{D0C624D7-9537-4FF4-BC05-4D16709271DC} = {6B89BE86-A3D0-4FF2-9BE0-08D258B2A099}
	EndGlobalSection
	GlobalSection(ExtensibilityGlobals) = postSolution
		SolutionGuid = {278D7EA7-3DCA-4C66-832B-5DB26B25BF09}
	EndGlobalSection
EndGlobal
